{
  "name": "project_four",
  "requires": true,
  "lockfileVersion": 1,
  "dependencies": {
    "moment": {
      "version": "2.19.2",
      "resolved": "https://registry.npmjs.org/moment/-/moment-2.19.2.tgz",
      "integrity": "sha512-Rf6jiHPEfxp9+dlzxPTmRHbvoFXsh2L/U8hOupUMpnuecHQmI6cF6lUbJl3QqKPko1u6ujO+FxtcajLVfLpAtA=="
    },
    "react-moment": {
      "version": "0.6.8",
      "resolved": "https://registry.npmjs.org/react-moment/-/react-moment-0.6.8.tgz",
      "integrity": "sha512-tONufrb6L69k00hiTy6q0G3gRJD2reB6lCcMOVsSpBYKALw3Z7+V2Cenbxa2UsQW/KV4UkzxsPiFQYHsi1j5Ow=="
    }
  }
}
